
Microsoft Visual Studio Solution File, Format Version 12.00
# Visual Studio Version 17
VisualStudioVersion = 17.13.35818.85 d17.13
MinimumVisualStudioVersion = 10.0.40219.1
Project("{FAE04EC0-301F-11D3-BF4B-00C04F79EFBC}") = "jurnalmod07", "jurnalmod07\jurnalmod07.csproj", "{BC78DA16-84A7-4504-AED2-5A5B1266CC16}"
EndProject
Global
	GlobalSection(SolutionConfigurationPlatforms) = preSolution
		Debug|Any CPU = Debug|Any CPU
		Release|Any CPU = Release|Any CPU
	EndGlobalSection
	GlobalSection(ProjectConfigurationPlatforms) = postSolution
		{BC78DA16-84A7-4504-AED2-5A5B1266CC16}.Debug|Any CPU.ActiveCfg = Debug|Any CPU
		{BC78DA16-84A7-4504-AED2-5A5B1266CC16}.Debug|Any CPU.Build.0 = Debug|Any CPU
		{BC78DA16-84A7-4504-AED2-5A5B1266CC16}.Release|Any CPU.ActiveCfg = Release|Any CPU
		{BC78DA16-84A7-4504-AED2-5A5B1266CC16}.Release|Any CPU.Build.0 = Release|Any CPU
	EndGlobalSection
	GlobalSection(SolutionProperties) = preSolution
		HideSolutionNode = FALSE
	EndGlobalSection
	GlobalSection(ExtensibilityGlobals) = postSolution
		SolutionGuid = {AE7FDFB9-6DD7-49F1-B5EC-BDEA7AF67FC4}
	EndGlobalSection
EndGlobal
